// !$*UTF8*$!
{
	archiveVersion = 1;
	classes = {
	};
	objectVersion = 56;
	objects = {

/* Begin PBXBuildFile section */
		A3037B832A71755E00CACB1B /* AmortizationCell.swift in Sources */ = {isa = PBXBuildFile; fileRef = A3037B822A71755E00CACB1B /* AmortizationCell.swift */; };
		A3206B7D2A6B92470039CECA /* AppDelegate.swift in Sources */ = {isa = PBXBuildFile; fileRef = A3206B7C2A6B92470039CECA /* AppDelegate.swift */; };
		A3206B7F2A6B92470039CECA /* SceneDelegate.swift in Sources */ = {isa = PBXBuildFile; fileRef = A3206B7E2A6B92470039CECA /* SceneDelegate.swift */; };
		A3206B812A6B92470039CECA /* SavingsViewController.swift in Sources */ = {isa = PBXBuildFile; fileRef = A3206B802A6B92470039CECA /* SavingsViewController.swift */; };
		A3206B842A6B92470039CECA /* Savings.storyboard in Resources */ = {isa = PBXBuildFile; fileRef = A3206B822A6B92470039CECA /* Savings.storyboard */; };
		A3206B862A6B92480039CECA /* Assets.xcassets in Resources */ = {isa = PBXBuildFile; fileRef = A3206B852A6B92480039CECA /* Assets.xcassets */; };
		A3206B892A6B92480039CECA /* LaunchScreen.storyboard in Resources */ = {isa = PBXBuildFile; fileRef = A3206B872A6B92480039CECA /* LaunchScreen.storyboard */; };
		A3206B912A6B9E5B0039CECA /* CommonFunctions.swift in Sources */ = {isa = PBXBuildFile; fileRef = A3206B902A6B9E5B0039CECA /* CommonFunctions.swift */; };
		A328709A2A6CF90C0097FEC2 /* IQKeyboardManagerSwift in Frameworks */ = {isa = PBXBuildFile; productRef = A32870992A6CF90C0097FEC2 /* IQKeyboardManagerSwift */; };
		A34CBE532A74CDE0000F6D89 /* Loan.storyboard in Resources */ = {isa = PBXBuildFile; fileRef = A34CBE512A74CDE0000F6D89 /* Loan.storyboard */; };
		A34CBE552A74CE0F000F6D89 /* LoanViewController.swift in Sources */ = {isa = PBXBuildFile; fileRef = A34CBE542A74CE0F000F6D89 /* LoanViewController.swift */; };
		A34CBE572A74CE27000F6D89 /* LoanHistoryViewTableViewController.swift in Sources */ = {isa = PBXBuildFile; fileRef = A34CBE562A74CE27000F6D89 /* LoanHistoryViewTableViewController.swift */; };
		A34CBE592A74CE3E000F6D89 /* LoanCommonFunctions.swift in Sources */ = {isa = PBXBuildFile; fileRef = A34CBE582A74CE3E000F6D89 /* LoanCommonFunctions.swift */; };
		A34CBE5B2A74CE54000F6D89 /* loanRecord.swift in Sources */ = {isa = PBXBuildFile; fileRef = A34CBE5A2A74CE54000F6D89 /* loanRecord.swift */; };
		A34CBE5D2A74CE67000F6D89 /* LoanAmortization_TableViewController.swift in Sources */ = {isa = PBXBuildFile; fileRef = A34CBE5C2A74CE67000F6D89 /* LoanAmortization_TableViewController.swift */; };
		A34CBE5F2A74CE74000F6D89 /* LoanHelpViewController.swift in Sources */ = {isa = PBXBuildFile; fileRef = A34CBE5E2A74CE74000F6D89 /* LoanHelpViewController.swift */; };
		A34CBE622A74D1FB000F6D89 /* Main.storyboard in Resources */ = {isa = PBXBuildFile; fileRef = A34CBE612A74D1FB000F6D89 /* Main.storyboard */; };
		A36C4F1A2A7531650034AC05 /* MortgageHelpViewController.swift in Sources */ = {isa = PBXBuildFile; fileRef = A36C4F192A7531640034AC05 /* MortgageHelpViewController.swift */; };
		A36C4F1C2A7531720034AC05 /* MortgageAmortization_TableViewController.swift in Sources */ = {isa = PBXBuildFile; fileRef = A36C4F1B2A7531720034AC05 /* MortgageAmortization_TableViewController.swift */; };
		A36C4F1E2A7531AF0034AC05 /* mortgageRecord.swift in Sources */ = {isa = PBXBuildFile; fileRef = A36C4F1D2A7531AF0034AC05 /* mortgageRecord.swift */; };
		A36C4F232A7531CD0034AC05 /* Mortgage.storyboard in Resources */ = {isa = PBXBuildFile; fileRef = A36C4F212A7531CD0034AC05 /* Mortgage.storyboard */; };
		A36C4F252A7531DA0034AC05 /* MortgageViewController.swift in Sources */ = {isa = PBXBuildFile; fileRef = A36C4F242A7531DA0034AC05 /* MortgageViewController.swift */; };
		A36C4F272A7531E60034AC05 /* MortgageHistoryViewTableViewController.swift in Sources */ = {isa = PBXBuildFile; fileRef = A36C4F262A7531E60034AC05 /* MortgageHistoryViewTableViewController.swift */; };
		A3A255092A7626D7001A7789 /* MortgageCommonFunctions.swift in Sources */ = {isa = PBXBuildFile; fileRef = A3A255082A7626D7001A7789 /* MortgageCommonFunctions.swift */; };
		A3AEA22C2A73817D009A6C66 /* savingsRecord.swift in Sources */ = {isa = PBXBuildFile; fileRef = A3AEA22B2A73817D009A6C66 /* savingsRecord.swift */; };
		A3BE932D2A73E28B007AB048 /* HistoryViewTableViewController.swift in Sources */ = {isa = PBXBuildFile; fileRef = A3BE932C2A73E28B007AB048 /* HistoryViewTableViewController.swift */; };
		A3BE932F2A73E3CF007AB048 /* HistoryTableViewCell.swift in Sources */ = {isa = PBXBuildFile; fileRef = A3BE932E2A73E3CF007AB048 /* HistoryTableViewCell.swift */; };
		A3BE93332A740854007AB048 /* SavingsHelpViewController.swift in Sources */ = {isa = PBXBuildFile; fileRef = A3BE93322A740854007AB048 /* SavingsHelpViewController.swift */; };
		A3C8DD012A7149F8004D683B /* SavingsAmortization_TableViewController.swift in Sources */ = {isa = PBXBuildFile; fileRef = A3C8DD002A7149F8004D683B /* SavingsAmortization_TableViewController.swift */; };
/* End PBXBuildFile section */

/* Begin PBXFileReference section */
		A3037B822A71755E00CACB1B /* AmortizationCell.swift */ = {isa = PBXFileReference; lastKnownFileType = sourcecode.swift; path = AmortizationCell.swift; sourceTree = "<group>"; };
		A3206B792A6B92470039CECA /* FinanceCal.app */ = {isa = PBXFileReference; explicitFileType = wrapper.application; includeInIndex = 0; path = FinanceCal.app; sourceTree = BUILT_PRODUCTS_DIR; };
		A3206B7C2A6B92470039CECA /* AppDelegate.swift */ = {isa = PBXFileReference; lastKnownFileType = sourcecode.swift; path = AppDelegate.swift; sourceTree = "<group>"; };
		A3206B7E2A6B92470039CECA /* SceneDelegate.swift */ = {isa = PBXFileReference; lastKnownFileType = sourcecode.swift; path = SceneDelegate.swift; sourceTree = "<group>"; };
		A3206B802A6B92470039CECA /* SavingsViewController.swift */ = {isa = PBXFileReference; lastKnownFileType = sourcecode.swift; path = SavingsViewController.swift; sourceTree = "<group>"; };
		A3206B832A6B92470039CECA /* Base */ = {isa = PBXFileReference; lastKnownFileType = file.storyboard; name = Base; path = Base.lproj/Savings.storyboard; sourceTree = "<group>"; };
		A3206B852A6B92480039CECA /* Assets.xcassets */ = {isa = PBXFileReference; lastKnownFileType = folder.assetcatalog; path = Assets.xcassets; sourceTree = "<group>"; };
		A3206B882A6B92480039CECA /* Base */ = {isa = PBXFileReference; lastKnownFileType = file.storyboard; name = Base; path = Base.lproj/LaunchScreen.storyboard; sourceTree = "<group>"; };
		A3206B8A2A6B92480039CECA /* Info.plist */ = {isa = PBXFileReference; lastKnownFileType = text.plist.xml; path = Info.plist; sourceTree = "<group>"; };
		A3206B902A6B9E5B0039CECA /* CommonFunctions.swift */ = {isa = PBXFileReference; lastKnownFileType = sourcecode.swift; path = CommonFunctions.swift; sourceTree = "<group>"; };
		A34CBE522A74CDE0000F6D89 /* Base */ = {isa = PBXFileReference; lastKnownFileType = file.storyboard; name = Base; path = FinanceCal/Savings/Base.lproj/Loan.storyboard; sourceTree = "<group>"; };
		A34CBE542A74CE0F000F6D89 /* LoanViewController.swift */ = {isa = PBXFileReference; fileEncoding = 4; lastKnownFileType = sourcecode.swift; path = LoanViewController.swift; sourceTree = "<group>"; };
		A34CBE562A74CE27000F6D89 /* LoanHistoryViewTableViewController.swift */ = {isa = PBXFileReference; fileEncoding = 4; lastKnownFileType = sourcecode.swift; path = LoanHistoryViewTableViewController.swift; sourceTree = "<group>"; };
		A34CBE582A74CE3E000F6D89 /* LoanCommonFunctions.swift */ = {isa = PBXFileReference; fileEncoding = 4; lastKnownFileType = sourcecode.swift; path = LoanCommonFunctions.swift; sourceTree = "<group>"; };
		A34CBE5A2A74CE54000F6D89 /* loanRecord.swift */ = {isa = PBXFileReference; fileEncoding = 4; lastKnownFileType = sourcecode.swift; path = loanRecord.swift; sourceTree = "<group>"; };
		A34CBE5C2A74CE67000F6D89 /* LoanAmortization_TableViewController.swift */ = {isa = PBXFileReference; fileEncoding = 4; lastKnownFileType = sourcecode.swift; path = LoanAmortization_TableViewController.swift; sourceTree = "<group>"; };
		A34CBE5E2A74CE74000F6D89 /* LoanHelpViewController.swift */ = {isa = PBXFileReference; fileEncoding = 4; lastKnownFileType = sourcecode.swift; path = LoanHelpViewController.swift; sourceTree = "<group>"; };
		A34CBE612A74D1FB000F6D89 /* Main.storyboard */ = {isa = PBXFileReference; lastKnownFileType = file.storyboard; path = Main.storyboard; sourceTree = "<group>"; };
		A36C4F192A7531640034AC05 /* MortgageHelpViewController.swift */ = {isa = PBXFileReference; fileEncoding = 4; lastKnownFileType = sourcecode.swift; path = MortgageHelpViewController.swift; sourceTree = "<group>"; };
		A36C4F1B2A7531720034AC05 /* MortgageAmortization_TableViewController.swift */ = {isa = PBXFileReference; fileEncoding = 4; lastKnownFileType = sourcecode.swift; path = MortgageAmortization_TableViewController.swift; sourceTree = "<group>"; };
		A36C4F1D2A7531AF0034AC05 /* mortgageRecord.swift */ = {isa = PBXFileReference; fileEncoding = 4; lastKnownFileType = sourcecode.swift; path = mortgageRecord.swift; sourceTree = "<group>"; };
		A36C4F222A7531CD0034AC05 /* Base */ = {isa = PBXFileReference; lastKnownFileType = file.storyboard; name = Base; path = Loan/FinanceCal/Savings/Base.lproj/Mortgage.storyboard; sourceTree = "<group>"; };
		A36C4F242A7531DA0034AC05 /* MortgageViewController.swift */ = {isa = PBXFileReference; fileEncoding = 4; lastKnownFileType = sourcecode.swift; path = MortgageViewController.swift; sourceTree = "<group>"; };
		A36C4F262A7531E60034AC05 /* MortgageHistoryViewTableViewController.swift */ = {isa = PBXFileReference; fileEncoding = 4; lastKnownFileType = sourcecode.swift; path = MortgageHistoryViewTableViewController.swift; sourceTree = "<group>"; };
		A3A255082A7626D7001A7789 /* MortgageCommonFunctions.swift */ = {isa = PBXFileReference; lastKnownFileType = sourcecode.swift; path = MortgageCommonFunctions.swift; sourceTree = "<group>"; };
		A3AEA22B2A73817D009A6C66 /* savingsRecord.swift */ = {isa = PBXFileReference; lastKnownFileType = sourcecode.swift; path = savingsRecord.swift; sourceTree = "<group>"; };
		A3BE932C2A73E28B007AB048 /* HistoryViewTableViewController.swift */ = {isa = PBXFileReference; lastKnownFileType = sourcecode.swift; path = HistoryViewTableViewController.swift; sourceTree = "<group>"; };
		A3BE932E2A73E3CF007AB048 /* HistoryTableViewCell.swift */ = {isa = PBXFileReference; lastKnownFileType = sourcecode.swift; path = HistoryTableViewCell.swift; sourceTree = "<group>"; };
		A3BE93322A740854007AB048 /* SavingsHelpViewController.swift */ = {isa = PBXFileReference; lastKnownFileType = sourcecode.swift; path = SavingsHelpViewController.swift; sourceTree = "<group>"; };
		A3C8DD002A7149F8004D683B /* SavingsAmortization_TableViewController.swift */ = {isa = PBXFileReference; lastKnownFileType = sourcecode.swift; path = SavingsAmortization_TableViewController.swift; sourceTree = "<group>"; };
/* End PBXFileReference section */

/* Begin PBXFrameworksBuildPhase section */
		A3206B762A6B92470039CECA /* Frameworks */ = {
			isa = PBXFrameworksBuildPhase;
			buildActionMask = 2147483647;
			files = (
				A328709A2A6CF90C0097FEC2 /* IQKeyboardManagerSwift in Frameworks */,
			);
			runOnlyForDeploymentPostprocessing = 0;
		};
/* End PBXFrameworksBuildPhase section */

/* Begin PBXGroup section */
		A3206B702A6B92470039CECA = {
			isa = PBXGroup;
			children = (
				A3206B7B2A6B92470039CECA /* FinanceCal */,
				A3206B7A2A6B92470039CECA /* Products */,
			);
			sourceTree = "<group>";
		};
		A3206B7A2A6B92470039CECA /* Products */ = {
			isa = PBXGroup;
			children = (
				A3206B792A6B92470039CECA /* FinanceCal.app */,
			);
			name = Products;
			sourceTree = "<group>";
		};
		A3206B7B2A6B92470039CECA /* FinanceCal */ = {
			isa = PBXGroup;
			children = (
				A3A254E72A7613D0001A7789 /* Mortgage */,
				A34CBE602A74D1E5000F6D89 /* Loan */,
				A34CBE502A74CCEE000F6D89 /* Savings */,
				A3206B7C2A6B92470039CECA /* AppDelegate.swift */,
				A3206B7E2A6B92470039CECA /* SceneDelegate.swift */,
				A3BE932E2A73E3CF007AB048 /* HistoryTableViewCell.swift */,
				A3037B822A71755E00CACB1B /* AmortizationCell.swift */,
				A3206B852A6B92480039CECA /* Assets.xcassets */,
				A3206B872A6B92480039CECA /* LaunchScreen.storyboard */,
				A3206B8A2A6B92480039CECA /* Info.plist */,
				A34CBE612A74D1FB000F6D89 /* Main.storyboard */,
			);
			path = FinanceCal;
			sourceTree = "<group>";
		};
		A34CBE502A74CCEE000F6D89 /* Savings */ = {
			isa = PBXGroup;
			children = (
				A3BE93322A740854007AB048 /* SavingsHelpViewController.swift */,
				A3BE932C2A73E28B007AB048 /* HistoryViewTableViewController.swift */,
				A3C8DD002A7149F8004D683B /* SavingsAmortization_TableViewController.swift */,
				A3206B802A6B92470039CECA /* SavingsViewController.swift */,
				A3206B822A6B92470039CECA /* Savings.storyboard */,
				A3206B902A6B9E5B0039CECA /* CommonFunctions.swift */,
				A3AEA22B2A73817D009A6C66 /* savingsRecord.swift */,
			);
			path = Savings;
			sourceTree = "<group>";
		};
		A34CBE602A74D1E5000F6D89 /* Loan */ = {
			isa = PBXGroup;
			children = (
				A34CBE5E2A74CE74000F6D89 /* LoanHelpViewController.swift */,
				A34CBE562A74CE27000F6D89 /* LoanHistoryViewTableViewController.swift */,
				A34CBE5C2A74CE67000F6D89 /* LoanAmortization_TableViewController.swift */,
				A34CBE542A74CE0F000F6D89 /* LoanViewController.swift */,
				A34CBE512A74CDE0000F6D89 /* Loan.storyboard */,
				A34CBE582A74CE3E000F6D89 /* LoanCommonFunctions.swift */,
				A34CBE5A2A74CE54000F6D89 /* loanRecord.swift */,
			);
			path = Loan;
			sourceTree = "<group>";
		};
		A3A254E72A7613D0001A7789 /* Mortgage */ = {
			isa = PBXGroup;
			children = (
				A36C4F192A7531640034AC05 /* MortgageHelpViewController.swift */,
				A36C4F262A7531E60034AC05 /* MortgageHistoryViewTableViewController.swift */,
				A36C4F1B2A7531720034AC05 /* MortgageAmortization_TableViewController.swift */,
				A36C4F242A7531DA0034AC05 /* MortgageViewController.swift */,
				A36C4F212A7531CD0034AC05 /* Mortgage.storyboard */,
				A3A255082A7626D7001A7789 /* MortgageCommonFunctions.swift */,
				A36C4F1D2A7531AF0034AC05 /* mortgageRecord.swift */,
			);
			path = Mortgage;
			sourceTree = "<group>";
		};
/* End PBXGroup section */

/* Begin PBXNativeTarget section */
		A3206B782A6B92470039CECA /* FinanceCal */ = {
			isa = PBXNativeTarget;
			buildConfigurationList = A3206B8D2A6B92480039CECA /* Build configuration list for PBXNativeTarget "FinanceCal" */;
			buildPhases = (
				A3206B752A6B92470039CECA /* Sources */,
				A3206B762A6B92470039CECA /* Frameworks */,
				A3206B772A6B92470039CECA /* Resources */,
			);
			buildRules = (
			);
			dependencies = (
			);
			name = FinanceCal;
			packageProductDependencies = (
				A32870992A6CF90C0097FEC2 /* IQKeyboardManagerSwift */,
			);
			productName = FinanceCal;
			productReference = A3206B792A6B92470039CECA /* FinanceCal.app */;
			productType = "com.apple.product-type.application";
		};
/* End PBXNativeTarget section */

/* Begin PBXProject section */
		A3206B712A6B92470039CECA /* Project object */ = {
			isa = PBXProject;
			attributes = {
				BuildIndependentTargetsInParallel = 1;
				LastSwiftUpdateCheck = 1430;
				LastUpgradeCheck = 1430;
				TargetAttributes = {
					A3206B782A6B92470039CECA = {
						CreatedOnToolsVersion = 14.3.1;
					};
				};
			};
			buildConfigurationList = A3206B742A6B92470039CECA /* Build configuration list for PBXProject "FinanceCal" */;
			compatibilityVersion = "Xcode 14.0";
			developmentRegion = en;
			hasScannedForEncodings = 0;
			knownRegions = (
				en,
				Base,
			);
			mainGroup = A3206B702A6B92470039CECA;
			packageReferences = (
				A32870982A6CF90C0097FEC2 /* XCRemoteSwiftPackageReference "IQKeyboardManager" */,
			);
			productRefGroup = A3206B7A2A6B92470039CECA /* Products */;
			projectDirPath = "";
			projectRoot = "";
			targets = (
				A3206B782A6B92470039CECA /* FinanceCal */,
			);
		};
/* End PBXProject section */

/* Begin PBXResourcesBuildPhase section */
		A3206B772A6B92470039CECA /* Resources */ = {
			isa = PBXResourcesBuildPhase;
			buildActionMask = 2147483647;
			files = (
				A34CBE532A74CDE0000F6D89 /* Loan.storyboard in Resources */,
				A34CBE622A74D1FB000F6D89 /* Main.storyboard in Resources */,
				A3206B892A6B92480039CECA /* LaunchScreen.storyboard in Resources */,
				A3206B862A6B92480039CECA /* Assets.xcassets in Resources */,
				A36C4F232A7531CD0034AC05 /* Mortgage.storyboard in Resources */,
				A3206B842A6B92470039CECA /* Savings.storyboard in Resources */,
			);
			runOnlyForDeploymentPostprocessing = 0;
		};
/* End PBXResourcesBuildPhase section */

/* Begin PBXSourcesBuildPhase section */
		A3206B752A6B92470039CECA /* Sources */ = {
			isa = PBXSourcesBuildPhase;
			buildActionMask = 2147483647;
			files = (
				A3BE932F2A73E3CF007AB048 /* HistoryTableViewCell.swift in Sources */,
				A34CBE5D2A74CE67000F6D89 /* LoanAmortization_TableViewController.swift in Sources */,
				A34CBE552A74CE0F000F6D89 /* LoanViewController.swift in Sources */,
				A3206B812A6B92470039CECA /* SavingsViewController.swift in Sources */,
				A3206B7D2A6B92470039CECA /* AppDelegate.swift in Sources */,
				A3037B832A71755E00CACB1B /* AmortizationCell.swift in Sources */,
				A3A255092A7626D7001A7789 /* MortgageCommonFunctions.swift in Sources */,
				A34CBE572A74CE27000F6D89 /* LoanHistoryViewTableViewController.swift in Sources */,
				A3BE932D2A73E28B007AB048 /* HistoryViewTableViewController.swift in Sources */,
				A3206B912A6B9E5B0039CECA /* CommonFunctions.swift in Sources */,
				A34CBE5F2A74CE74000F6D89 /* LoanHelpViewController.swift in Sources */,
				A36C4F272A7531E60034AC05 /* MortgageHistoryViewTableViewController.swift in Sources */,
				A34CBE5B2A74CE54000F6D89 /* loanRecord.swift in Sources */,
				A34CBE592A74CE3E000F6D89 /* LoanCommonFunctions.swift in Sources */,
				A36C4F1E2A7531AF0034AC05 /* mortgageRecord.swift in Sources */,
				A36C4F252A7531DA0034AC05 /* MortgageViewController.swift in Sources */,
				A3AEA22C2A73817D009A6C66 /* savingsRecord.swift in Sources */,
				A36C4F1A2A7531650034AC05 /* MortgageHelpViewController.swift in Sources */,
				A36C4F1C2A7531720034AC05 /* MortgageAmortization_TableViewController.swift in Sources */,
				A3C8DD012A7149F8004D683B /* SavingsAmortization_TableViewController.swift in Sources */,
				A3206B7F2A6B92470039CECA /* SceneDelegate.swift in Sources */,
				A3BE93332A740854007AB048 /* SavingsHelpViewController.swift in Sources */,
			);
			runOnlyForDeploymentPostprocessing = 0;
		};
/* End PBXSourcesBuildPhase section */

/* Begin PBXVariantGroup section */
		A3206B822A6B92470039CECA /* Savings.storyboard */ = {
			isa = PBXVariantGroup;
			children = (
				A3206B832A6B92470039CECA /* Base */,
			);
			name = Savings.storyboard;
			sourceTree = "<group>";
		};
		A3206B872A6B92480039CECA /* LaunchScreen.storyboard */ = {
			isa = PBXVariantGroup;
			children = (
				A3206B882A6B92480039CECA /* Base */,
			);
			name = LaunchScreen.storyboard;
			sourceTree = "<group>";
		};
		A34CBE512A74CDE0000F6D89 /* Loan.storyboard */ = {
			isa = PBXVariantGroup;
			children = (
				A34CBE522A74CDE0000F6D89 /* Base */,
			);
			name = Loan.storyboard;
			sourceTree = "<group>";
		};
		A36C4F212A7531CD0034AC05 /* Mortgage.storyboard */ = {
			isa = PBXVariantGroup;
			children = (
				A36C4F222A7531CD0034AC05 /* Base */,
			);
			name = Mortgage.storyboard;
			sourceTree = "<group>";
		};
/* End PBXVariantGroup section */

/* Begin XCBuildConfiguration section */
		A3206B8B2A6B92480039CECA /* Debug */ = {
			isa = XCBuildConfiguration;
			buildSettings = {
				ALWAYS_SEARCH_USER_PATHS = NO;
				CLANG_ANALYZER_NONNULL = YES;
				CLANG_ANALYZER_NUMBER_OBJECT_CONVERSION = YES_AGGRESSIVE;
				CLANG_CXX_LANGUAGE_STANDARD = "gnu++20";
				CLANG_ENABLE_MODULES = YES;
				CLANG_ENABLE_OBJC_ARC = YES;
				CLANG_ENABLE_OBJC_WEAK = YES;
				CLANG_WARN_BLOCK_CAPTURE_AUTORELEASING = YES;
				CLANG_WARN_BOOL_CONVERSION = YES;
				CLANG_WARN_COMMA = YES;
				CLANG_WARN_CONSTANT_CONVERSION = YES;
				CLANG_WARN_DEPRECATED_OBJC_IMPLEMENTATIONS = YES;
				CLANG_WARN_DIRECT_OBJC_ISA_USAGE = YES_ERROR;
				CLANG_WARN_DOCUMENTATION_COMMENTS = YES;
				CLANG_WARN_EMPTY_BODY = YES;
				CLANG_WARN_ENUM_CONVERSION = YES;
				CLANG_WARN_INFINITE_RECURSION = YES;
				CLANG_WARN_INT_CONVERSION = YES;
				CLANG_WARN_NON_LITERAL_NULL_CONVERSION = YES;
				CLANG_WARN_OBJC_IMPLICIT_RETAIN_SELF = YES;
				CLANG_WARN_OBJC_LITERAL_CONVERSION = YES;
				CLANG_WARN_OBJC_ROOT_CLASS = YES_ERROR;
				CLANG_WARN_QUOTED_INCLUDE_IN_FRAMEWORK_HEADER = YES;
				CLANG_WARN_RANGE_LOOP_ANALYSIS = YES;
				CLANG_WARN_STRICT_PROTOTYPES = YES;
				CLANG_WARN_SUSPICIOUS_MOVE = YES;
				CLANG_WARN_UNGUARDED_AVAILABILITY = YES_AGGRESSIVE;
				CLANG_WARN_UNREACHABLE_CODE = YES;
				CLANG_WARN__DUPLICATE_METHOD_MATCH = YES;
				COPY_PHASE_STRIP = NO;
				DEBUG_INFORMATION_FORMAT = dwarf;
				ENABLE_STRICT_OBJC_MSGSEND = YES;
				ENABLE_TESTABILITY = YES;
				GCC_C_LANGUAGE_STANDARD = gnu11;
				GCC_DYNAMIC_NO_PIC = NO;
				GCC_NO_COMMON_BLOCKS = YES;
				GCC_OPTIMIZATION_LEVEL = 0;
				GCC_PREPROCESSOR_DEFINITIONS = (
					"DEBUG=1",
					"$(inherited)",
				);
				GCC_WARN_64_TO_32_BIT_CONVERSION = YES;
				GCC_WARN_ABOUT_RETURN_TYPE = YES_ERROR;
				GCC_WARN_UNDECLARED_SELECTOR = YES;
				GCC_WARN_UNINITIALIZED_AUTOS = YES_AGGRESSIVE;
				GCC_WARN_UNUSED_FUNCTION = YES;
				GCC_WARN_UNUSED_VARIABLE = YES;
				IPHONEOS_DEPLOYMENT_TARGET = 16.4;
				MTL_ENABLE_DEBUG_INFO = INCLUDE_SOURCE;
				MTL_FAST_MATH = YES;
				ONLY_ACTIVE_ARCH = YES;
				SDKROOT = iphoneos;
				SWIFT_ACTIVE_COMPILATION_CONDITIONS = DEBUG;
				SWIFT_OPTIMIZATION_LEVEL = "-Onone";
			};
			name = Debug;
		};
		A3206B8C2A6B92480039CECA /* Release */ = {
			isa = XCBuildConfiguration;
			buildSettings = {
				ALWAYS_SEARCH_USER_PATHS = NO;
				CLANG_ANALYZER_NONNULL = YES;
				CLANG_ANALYZER_NUMBER_OBJECT_CONVERSION = YES_AGGRESSIVE;
				CLANG_CXX_LANGUAGE_STANDARD = "gnu++20";
				CLANG_ENABLE_MODULES = YES;
				CLANG_ENABLE_OBJC_ARC = YES;
				CLANG_ENABLE_OBJC_WEAK = YES;
				CLANG_WARN_BLOCK_CAPTURE_AUTORELEASING = YES;
				CLANG_WARN_BOOL_CONVERSION = YES;
				CLANG_WARN_COMMA = YES;
				CLANG_WARN_CONSTANT_CONVERSION = YES;
				CLANG_WARN_DEPRECATED_OBJC_IMPLEMENTATIONS = YES;
				CLANG_WARN_DIRECT_OBJC_ISA_USAGE = YES_ERROR;
				CLANG_WARN_DOCUMENTATION_COMMENTS = YES;
				CLANG_WARN_EMPTY_BODY = YES;
				CLANG_WARN_ENUM_CONVERSION = YES;
				CLANG_WARN_INFINITE_RECURSION = YES;
				CLANG_WARN_INT_CONVERSION = YES;
				CLANG_WARN_NON_LITERAL_NULL_CONVERSION = YES;
				CLANG_WARN_OBJC_IMPLICIT_RETAIN_SELF = YES;
				CLANG_WARN_OBJC_LITERAL_CONVERSION = YES;
				CLANG_WARN_OBJC_ROOT_CLASS = YES_ERROR;
				CLANG_WARN_QUOTED_INCLUDE_IN_FRAMEWORK_HEADER = YES;
				CLANG_WARN_RANGE_LOOP_ANALYSIS = YES;
				CLANG_WARN_STRICT_PROTOTYPES = YES;
				CLANG_WARN_SUSPICIOUS_MOVE = YES;
				CLANG_WARN_UNGUARDED_AVAILABILITY = YES_AGGRESSIVE;
				CLANG_WARN_UNREACHABLE_CODE = YES;
				CLANG_WARN__DUPLICATE_METHOD_MATCH = YES;
				COPY_PHASE_STRIP = NO;
				DEBUG_INFORMATION_FORMAT = "dwarf-with-dsym";
				ENABLE_NS_ASSERTIONS = NO;
				ENABLE_STRICT_OBJC_MSGSEND = YES;
				GCC_C_LANGUAGE_STANDARD = gnu11;
				GCC_NO_COMMON_BLOCKS = YES;
				GCC_WARN_64_TO_32_BIT_CONVERSION = YES;
				GCC_WARN_ABOUT_RETURN_TYPE = YES_ERROR;
				GCC_WARN_UNDECLARED_SELECTOR = YES;
				GCC_WARN_UNINITIALIZED_AUTOS = YES_AGGRESSIVE;
				GCC_WARN_UNUSED_FUNCTION = YES;
				GCC_WARN_UNUSED_VARIABLE = YES;
				IPHONEOS_DEPLOYMENT_TARGET = 16.4;
				MTL_ENABLE_DEBUG_INFO = NO;
				MTL_FAST_MATH = YES;
				SDKROOT = iphoneos;
				SWIFT_COMPILATION_MODE = wholemodule;
				SWIFT_OPTIMIZATION_LEVEL = "-O";
				VALIDATE_PRODUCT = YES;
			};
			name = Release;
		};
		A3206B8E2A6B92480039CECA /* Debug */ = {
			isa = XCBuildConfiguration;
			buildSettings = {
				ASSETCATALOG_COMPILER_APPICON_NAME = AppIcon;
				ASSETCATALOG_COMPILER_GLOBAL_ACCENT_COLOR_NAME = AccentColor;
				CODE_SIGN_STYLE = Automatic;
				CURRENT_PROJECT_VERSION = 1;
				DEVELOPMENT_TEAM = SQ54WC5Q2W;
				GENERATE_INFOPLIST_FILE = YES;
				INFOPLIST_FILE = FinanceCal/Info.plist;
				INFOPLIST_KEY_CFBundleDisplayName = "Finance Cal";
				INFOPLIST_KEY_LSApplicationCategoryType = "public.app-category.finance";
				INFOPLIST_KEY_UIApplicationSupportsIndirectInputEvents = YES;
				INFOPLIST_KEY_UILaunchStoryboardName = LaunchScreen;
				INFOPLIST_KEY_UIMainStoryboardFile = Main;
				INFOPLIST_KEY_UISupportedInterfaceOrientations_iPad = "UIInterfaceOrientationPortrait UIInterfaceOrientationPortraitUpsideDown UIInterfaceOrientationLandscapeLeft UIInterfaceOrientationLandscapeRight";
				INFOPLIST_KEY_UISupportedInterfaceOrientations_iPhone = "UIInterfaceOrientationPortrait UIInterfaceOrientationLandscapeLeft UIInterfaceOrientationLandscapeRight";
				LD_RUNPATH_SEARCH_PATHS = (
					"$(inherited)",
					"@executable_path/Frameworks",
				);
				MARKETING_VERSION = 1.0;
				PRODUCT_BUNDLE_IDENTIFIER = Test.FinanceCal;
				PRODUCT_NAME = "$(TARGET_NAME)";
				SWIFT_EMIT_LOC_STRINGS = YES;
				SWIFT_VERSION = 5.0;
				TARGETED_DEVICE_FAMILY = "1,2";
			};
			name = Debug;
		};
		A3206B8F2A6B92480039CECA /* Release */ = {
			isa = XCBuildConfiguration;
			buildSettings = {
				ASSETCATALOG_COMPILER_APPICON_NAME = AppIcon;
				ASSETCATALOG_COMPILER_GLOBAL_ACCENT_COLOR_NAME = AccentColor;
				CODE_SIGN_STYLE = Automatic;
				CURRENT_PROJECT_VERSION = 1;
				DEVELOPMENT_TEAM = SQ54WC5Q2W;
				GENERATE_INFOPLIST_FILE = YES;
				INFOPLIST_FILE = FinanceCal/Info.plist;
				INFOPLIST_KEY_CFBundleDisplayName = "Finance Cal";
				INFOPLIST_KEY_LSApplicationCategoryType = "public.app-category.finance";
				INFOPLIST_KEY_UIApplicationSupportsIndirectInputEvents = YES;
				INFOPLIST_KEY_UILaunchStoryboardName = LaunchScreen;
				INFOPLIST_KEY_UIMainStoryboardFile = Main;
				INFOPLIST_KEY_UISupportedInterfaceOrientations_iPad = "UIInterfaceOrientationPortrait UIInterfaceOrientationPortraitUpsideDown UIInterfaceOrientationLandscapeLeft UIInterfaceOrientationLandscapeRight";
				INFOPLIST_KEY_UISupportedInterfaceOrientations_iPhone = "UIInterfaceOrientationPortrait UIInterfaceOrientationLandscapeLeft UIInterfaceOrientationLandscapeRight";
				LD_RUNPATH_SEARCH_PATHS = (
					"$(inherited)",
					"@executable_path/Frameworks",
				);
				MARKETING_VERSION = 1.0;
				PRODUCT_BUNDLE_IDENTIFIER = Test.FinanceCal;
				PRODUCT_NAME = "$(TARGET_NAME)";
				SWIFT_EMIT_LOC_STRINGS = YES;
				SWIFT_VERSION = 5.0;
				TARGETED_DEVICE_FAMILY = "1,2";
			};
			name = Release;
		};
/* End XCBuildConfiguration section */

/* Begin XCConfigurationList section */
		A3206B742A6B92470039CECA /* Build configuration list for PBXProject "FinanceCal" */ = {
			isa = XCConfigurationList;
			buildConfigurations = (
				A3206B8B2A6B92480039CECA /* Debug */,
				A3206B8C2A6B92480039CECA /* Release */,
			);
			defaultConfigurationIsVisible = 0;
			defaultConfigurationName = Release;
		};
		A3206B8D2A6B92480039CECA /* Build configuration list for PBXNativeTarget "FinanceCal" */ = {
			isa = XCConfigurationList;
			buildConfigurations = (
				A3206B8E2A6B92480039CECA /* Debug */,
				A3206B8F2A6B92480039CECA /* Release */,
			);
			defaultConfigurationIsVisible = 0;
			defaultConfigurationName = Release;
		};
/* End XCConfigurationList section */

/* Begin XCRemoteSwiftPackageReference section */
		A32870982A6CF90C0097FEC2 /* XCRemoteSwiftPackageReference "IQKeyboardManager" */ = {
			isa = XCRemoteSwiftPackageReference;
			repositoryURL = "https://github.com/hackiftekhar/IQKeyboardManager.git";
			requirement = {
				kind = upToNextMajorVersion;
				minimumVersion = 6.0.0;
			};
		};
/* End XCRemoteSwiftPackageReference section */

/* Begin XCSwiftPackageProductDependency section */
		A32870992A6CF90C0097FEC2 /* IQKeyboardManagerSwift */ = {
			isa = XCSwiftPackageProductDependency;
			package = A32870982A6CF90C0097FEC2 /* XCRemoteSwiftPackageReference "IQKeyboardManager" */;
			productName = IQKeyboardManagerSwift;
		};
/* End XCSwiftPackageProductDependency section */
	};
	rootObject = A3206B712A6B92470039CECA /* Project object */;
}
